
Microsoft Visual Studio Solution File, Format Version 12.00
# Visual Studio Version 16
VisualStudioVersion = 16.0.30907.101
MinimumVisualStudioVersion = 10.0.40219.1
Project("{FAE04EC0-301F-11D3-BF4B-00C04F79EFBC}") = "OOP1", "OOP1\OOP1.csproj", "{D84C2FAF-D0B7-49F7-9C13-8260D54AABBC}"
EndProject
Project("{FAE04EC0-301F-11D3-BF4B-00C04F79EFBC}") = "Collections", "Collections\Collections.csproj", "{510274A6-F05B-430F-A117-9159454DFA98}"
EndProject
Project("{FAE04EC0-301F-11D3-BF4B-00C04F79EFBC}") = "GenericsIntro", "GenericsIntro\GenericsIntro.csproj", "{1673CA87-B22C-4474-979C-C3F4FAAD197D}"
EndProject
Global
	GlobalSection(SolutionConfigurationPlatforms) = preSolution
		Debug|Any CPU = Debug|Any CPU
		Release|Any CPU = Release|Any CPU
	EndGlobalSection
	GlobalSection(ProjectConfigurationPlatforms) = postSolution
		{D84C2FAF-D0B7-49F7-9C13-8260D54AABBC}.Debug|Any CPU.ActiveCfg = Debug|Any CPU
		{D84C2FAF-D0B7-49F7-9C13-8260D54AABBC}.Debug|Any CPU.Build.0 = Debug|Any CPU
		{D84C2FAF-D0B7-49F7-9C13-8260D54AABBC}.Release|Any CPU.ActiveCfg = Release|Any CPU
		{D84C2FAF-D0B7-49F7-9C13-8260D54AABBC}.Release|Any CPU.Build.0 = Release|Any CPU
		{510274A6-F05B-430F-A117-9159454DFA98}.Debug|Any CPU.ActiveCfg = Debug|Any CPU
		{510274A6-F05B-430F-A117-9159454DFA98}.Debug|Any CPU.Build.0 = Debug|Any CPU
		{510274A6-F05B-430F-A117-9159454DFA98}.Release|Any CPU.ActiveCfg = Release|Any CPU
		{510274A6-F05B-430F-A117-9159454DFA98}.Release|Any CPU.Build.0 = Release|Any CPU
		{1673CA87-B22C-4474-979C-C3F4FAAD197D}.Debug|Any CPU.ActiveCfg = Debug|Any CPU
		{1673CA87-B22C-4474-979C-C3F4FAAD197D}.Debug|Any CPU.Build.0 = Debug|Any CPU
		{1673CA87-B22C-4474-979C-C3F4FAAD197D}.Release|Any CPU.ActiveCfg = Release|Any CPU
		{1673CA87-B22C-4474-979C-C3F4FAAD197D}.Release|Any CPU.Build.0 = Release|Any CPU
	EndGlobalSection
	GlobalSection(SolutionProperties) = preSolution
		HideSolutionNode = FALSE
	EndGlobalSection
	GlobalSection(ExtensibilityGlobals) = postSolution
		SolutionGuid = {075B9DDB-F701-4060-885A-8F9A08E0F153}
	EndGlobalSection
EndGlobal
